
Microsoft Visual Studio Solution File, Format Version 12.00
Project("{FAE04EC0-301F-11D3-BF4B-00C04F79EFBC}") = "DependencyInjection", "DependencyInjection.csproj", "{662B375F-890E-4E74-B1BB-65F67FEE118E}"
EndProject
Global
	GlobalSection(SolutionConfigurationPlatforms) = preSolution
		Debug|Any CPU = Debug|Any CPU
		Release|Any CPU = Release|Any CPU
	EndGlobalSection
	GlobalSection(ProjectConfigurationPlatforms) = postSolution
		{662B375F-890E-4E74-B1BB-65F67FEE118E}.Debug|Any CPU.ActiveCfg = Debug|Any CPU
		{662B375F-890E-4E74-B1BB-65F67FEE118E}.Debug|Any CPU.Build.0 = Debug|Any CPU
		{662B375F-890E-4E74-B1BB-65F67FEE118E}.Release|Any CPU.ActiveCfg = Release|Any CPU
		{662B375F-890E-4E74-B1BB-65F67FEE118E}.Release|Any CPU.Build.0 = Release|Any CPU
	EndGlobalSection
EndGlobal
